{
  "name": "abcdprint",
  "version": "1.0.0",
  "lockfileVersion": 2,
  "requires": true,
  "packages": {
    "": {
      "name": "abcdprint",
      "version": "1.0.0",
      "license": "ISC",
      "dependencies": {
        "carlogoprint": "^1.0.0"
      }
    },
    "node_modules/carlogoprint": {
      "version": "1.0.0",
      "resolved": "https://registry.npmjs.org/carlogoprint/-/carlogoprint-1.0.0.tgz",
      "integrity": "sha512-ee654MyJ+7Gq/EIwiV0SvjTqPRt0ikntuMmx81MiBC9Qj/qVa0FpEqRNz+jAw6YKilGQNK2NnGSq2pqBllIh6w=="
    }
  },
  "dependencies": {
    "carlogoprint": {
      "version": "1.0.0",
      "resolved": "https://registry.npmjs.org/carlogoprint/-/carlogoprint-1.0.0.tgz",
      "integrity": "sha512-ee654MyJ+7Gq/EIwiV0SvjTqPRt0ikntuMmx81MiBC9Qj/qVa0FpEqRNz+jAw6YKilGQNK2NnGSq2pqBllIh6w=="
    }
  }
}
