{
  "name": "rgcqprint",
  "version": "1.0.0",
  "lockfileVersion": 1,
  "requires": true,
  "dependencies": {
    "adayarananpm": {
      "version": "1.0.0",
      "resolved": "https://registry.npmjs.org/adayarananpm/-/adayarananpm-1.0.0.tgz",
      "integrity": "sha512-VhAystEiKh2S00gNwGGXfl/0HFLBG4F52F97CWzs4efhuMOtRnKABHEHWYk0Ym4njXOOEt7iKbCgPUqtdh0+XA=="
    },
    "renszoprint": {
      "version": "1.0.0",
      "resolved": "https://registry.npmjs.org/renszoprint/-/renszoprint-1.0.0.tgz",
      "integrity": "sha512-q5PGflyZffZUVx6kI3cgVmrv56oezoIaXDlog2j01OHLuU3Y3M8oT7876lQ1OFm+CYnRGJXDrdxbGhjvgskxFg=="
    },
    "willyprint": {
      "version": "1.0.0",
      "resolved": "https://registry.npmjs.org/willyprint/-/willyprint-1.0.0.tgz",
      "integrity": "sha512-H40FtNzEc6CVGstWRhrE/Eir4lrvVdK2ejEdJrHK+g+Ke5qK0IguZRTsOI3w4oOv0yr5tQGuFTHLPWAQrHsSJg==",
      "requires": {
        "adayarananpm": "^1.0.0"
      }
    }
  }
}
